
Microsoft Visual Studio Solution File, Format Version 12.00
# Visual Studio Version 17
VisualStudioVersion = 17.11.35431.28
MinimumVisualStudioVersion = 10.0.40219.1
Project("{9A19103F-16F7-4668-BE54-9A1E7A4F7556}") = "ElasticQueryBuilder", "ElasticQueryBuilder\ElasticQueryBuilder.csproj", "{64C86F18-C36D-4FC9-97B0-DF2744EF2D34}"
EndProject
Project("{FAE04EC0-301F-11D3-BF4B-00C04F79EFBC}") = "ElasticQueryBuilder.Client", "ElasticQueryBuilder.Client\ElasticQueryBuilder.Client.csproj", "{6A6F1E3E-94E1-44A7-A674-90B4D51FF708}"
EndProject
Global
	GlobalSection(SolutionConfigurationPlatforms) = preSolution
		Debug|Any CPU = Debug|Any CPU
		Release|Any CPU = Release|Any CPU
	EndGlobalSection
	GlobalSection(ProjectConfigurationPlatforms) = postSolution
		{64C86F18-C36D-4FC9-97B0-DF2744EF2D34}.Debug|Any CPU.ActiveCfg = Debug|Any CPU
		{64C86F18-C36D-4FC9-97B0-DF2744EF2D34}.Debug|Any CPU.Build.0 = Debug|Any CPU
		{64C86F18-C36D-4FC9-97B0-DF2744EF2D34}.Release|Any CPU.ActiveCfg = Release|Any CPU
		{64C86F18-C36D-4FC9-97B0-DF2744EF2D34}.Release|Any CPU.Build.0 = Release|Any CPU
		{6A6F1E3E-94E1-44A7-A674-90B4D51FF708}.Debug|Any CPU.ActiveCfg = Debug|Any CPU
		{6A6F1E3E-94E1-44A7-A674-90B4D51FF708}.Debug|Any CPU.Build.0 = Debug|Any CPU
		{6A6F1E3E-94E1-44A7-A674-90B4D51FF708}.Release|Any CPU.ActiveCfg = Release|Any CPU
		{6A6F1E3E-94E1-44A7-A674-90B4D51FF708}.Release|Any CPU.Build.0 = Release|Any CPU
	EndGlobalSection
	GlobalSection(SolutionProperties) = preSolution
		HideSolutionNode = FALSE
	EndGlobalSection
	GlobalSection(ExtensibilityGlobals) = postSolution
		SolutionGuid = {88F323EF-CB36-4D71-B60B-9CF87057F693}
	EndGlobalSection
EndGlobal
